
Microsoft Visual Studio Solution File, Format Version 12.00
# Visual Studio Version 17
VisualStudioVersion = 17.4.33213.308
MinimumVisualStudioVersion = 10.0.40219.1
Project("{FAE04EC0-301F-11D3-BF4B-00C04F79EFBC}") = "StringReverseLibrary", "StringReverseLibrary.csproj", "{72EC64FA-D8FA-40CE-9427-F773905100F0}"
EndProject
Project("{FAE04EC0-301F-11D3-BF4B-00C04F79EFBC}") = "StringReversClassTest", "StringReversClassTest\StringReversClassTest.csproj", "{FA7150DC-ED31-4CCD-BA33-A4887AF2A87D}"
EndProject
Global
	GlobalSection(SolutionConfigurationPlatforms) = preSolution
		Debug|Any CPU = Debug|Any CPU
		Release|Any CPU = Release|Any CPU
	EndGlobalSection
	GlobalSection(ProjectConfigurationPlatforms) = postSolution
		{72EC64FA-D8FA-40CE-9427-F773905100F0}.Debug|Any CPU.ActiveCfg = Debug|Any CPU
		{72EC64FA-D8FA-40CE-9427-F773905100F0}.Debug|Any CPU.Build.0 = Debug|Any CPU
		{72EC64FA-D8FA-40CE-9427-F773905100F0}.Release|Any CPU.ActiveCfg = Release|Any CPU
		{72EC64FA-D8FA-40CE-9427-F773905100F0}.Release|Any CPU.Build.0 = Release|Any CPU
		{FA7150DC-ED31-4CCD-BA33-A4887AF2A87D}.Debug|Any CPU.ActiveCfg = Debug|Any CPU
		{FA7150DC-ED31-4CCD-BA33-A4887AF2A87D}.Debug|Any CPU.Build.0 = Debug|Any CPU
		{FA7150DC-ED31-4CCD-BA33-A4887AF2A87D}.Release|Any CPU.ActiveCfg = Release|Any CPU
		{FA7150DC-ED31-4CCD-BA33-A4887AF2A87D}.Release|Any CPU.Build.0 = Release|Any CPU
	EndGlobalSection
	GlobalSection(SolutionProperties) = preSolution
		HideSolutionNode = FALSE
	EndGlobalSection
	GlobalSection(ExtensibilityGlobals) = postSolution
		SolutionGuid = {CCEBA15D-4E96-4C4F-BBFD-B938DD6DF9E2}
	EndGlobalSection
EndGlobal
